
Microsoft Visual Studio Solution File, Format Version 11.00
# Visual Studio 2010
Project("{FAE04EC0-301F-11D3-BF4B-00C04F79EFBC}") = "Assembly-CSharp", "Assembly-CSharp.csproj", "{8DC001CF-FBFD-5808-CD05-53735F875909}"
EndProject
Project("{FAE04EC0-301F-11D3-BF4B-00C04F79EFBC}") = "Assembly-CSharp-firstpass", "Assembly-CSharp-firstpass.csproj", "{5FA9602A-EC20-98AE-9F64-650BE36A4E69}"
EndProject
Project("{FAE04EC0-301F-11D3-BF4B-00C04F79EFBC}") = "Assembly-CSharp-Editor", "Assembly-CSharp-Editor.csproj", "{D3479203-C688-0875-8CBF-3E61E11A26E3}"
EndProject
Global
	GlobalSection(SolutionConfigurationPlatforms) = preSolution
		Debug|Any CPU = Debug|Any CPU
		Release|Any CPU = Release|Any CPU
	EndGlobalSection
	GlobalSection(ProjectConfigurationPlatforms) = postSolution
		{8DC001CF-FBFD-5808-CD05-53735F875909}.Debug|Any CPU.ActiveCfg = Debug|Any CPU
		{8DC001CF-FBFD-5808-CD05-53735F875909}.Debug|Any CPU.Build.0 = Debug|Any CPU
		{8DC001CF-FBFD-5808-CD05-53735F875909}.Release|Any CPU.ActiveCfg = Release|Any CPU
		{8DC001CF-FBFD-5808-CD05-53735F875909}.Release|Any CPU.Build.0 = Release|Any CPU
		{5FA9602A-EC20-98AE-9F64-650BE36A4E69}.Debug|Any CPU.ActiveCfg = Debug|Any CPU
		{5FA9602A-EC20-98AE-9F64-650BE36A4E69}.Debug|Any CPU.Build.0 = Debug|Any CPU
		{5FA9602A-EC20-98AE-9F64-650BE36A4E69}.Release|Any CPU.ActiveCfg = Release|Any CPU
		{5FA9602A-EC20-98AE-9F64-650BE36A4E69}.Release|Any CPU.Build.0 = Release|Any CPU
		{D3479203-C688-0875-8CBF-3E61E11A26E3}.Debug|Any CPU.ActiveCfg = Debug|Any CPU
		{D3479203-C688-0875-8CBF-3E61E11A26E3}.Debug|Any CPU.Build.0 = Debug|Any CPU
		{D3479203-C688-0875-8CBF-3E61E11A26E3}.Release|Any CPU.ActiveCfg = Release|Any CPU
		{D3479203-C688-0875-8CBF-3E61E11A26E3}.Release|Any CPU.Build.0 = Release|Any CPU
	EndGlobalSection
	GlobalSection(SolutionProperties) = preSolution
		HideSolutionNode = FALSE
	EndGlobalSection
EndGlobal
